
Microsoft Visual Studio Solution File, Format Version 12.00
# Visual Studio 15
VisualStudioVersion = 15.0.27004.2002
MinimumVisualStudioVersion = 10.0.40219.1
Project("{FAE04EC0-301F-11D3-BF4B-00C04F79EFBC}") = "GUITimeout", "GUITimeout\GUITimeout.csproj", "{4368370A-ABB3-41B3-91DD-76310E682528}"
EndProject
Global
	GlobalSection(SolutionConfigurationPlatforms) = preSolution
		Debug|Any CPU = Debug|Any CPU
		Release|Any CPU = Release|Any CPU
	EndGlobalSection
	GlobalSection(ProjectConfigurationPlatforms) = postSolution
		{4368370A-ABB3-41B3-91DD-76310E682528}.Debug|Any CPU.ActiveCfg = Debug|Any CPU
		{4368370A-ABB3-41B3-91DD-76310E682528}.Debug|Any CPU.Build.0 = Debug|Any CPU
		{4368370A-ABB3-41B3-91DD-76310E682528}.Release|Any CPU.ActiveCfg = Release|Any CPU
		{4368370A-ABB3-41B3-91DD-76310E682528}.Release|Any CPU.Build.0 = Release|Any CPU
	EndGlobalSection
	GlobalSection(SolutionProperties) = preSolution
		HideSolutionNode = FALSE
	EndGlobalSection
	GlobalSection(ExtensibilityGlobals) = postSolution
		SolutionGuid = {910542EF-BE3B-4194-8316-6CC17B656B6A}
	EndGlobalSection
EndGlobal
